{
  "name": "mianbz",
  "version": "0.0.1",
  "dependencies": {
    "bluebird": {
      "version": "2.2.2",
      "from": "bluebird@",
      "resolved": "https://registry.npmjs.org/bluebird/-/bluebird-2.2.2.tgz"
    },
    "body-parser": {
      "version": "1.6.2",
      "from": "body-parser@^1.4.3",
      "resolved": "https://registry.npmjs.org/body-parser/-/body-parser-1.6.2.tgz",
      "dependencies": {
        "bytes": {
          "version": "1.0.0",
          "from": "bytes@1.0.0",
          "resolved": "https://registry.npmjs.org/bytes/-/bytes-1.0.0.tgz"
        },
        "depd": {
          "version": "0.4.4",
          "from": "depd@0.4.4",
          "resolved": "https://registry.npmjs.org/depd/-/depd-0.4.4.tgz"
        },
        "iconv-lite": {
          "version": "0.4.4",
          "from": "iconv-lite@0.4.4",
          "resolved": "https://registry.npmjs.org/iconv-lite/-/iconv-lite-0.4.4.tgz"
        },
        "media-typer": {
          "version": "0.2.0",
          "from": "media-typer@0.2.0",
          "resolved": "https://registry.npmjs.org/media-typer/-/media-typer-0.2.0.tgz"
        },
        "qs": {
          "version": "1.2.0",
          "from": "qs@1.2.0",
          "resolved": "https://registry.npmjs.org/qs/-/qs-1.2.0.tgz"
        },
        "raw-body": {
          "version": "1.3.0",
          "from": "raw-body@1.3.0",
          "resolved": "https://registry.npmjs.org/raw-body/-/raw-body-1.3.0.tgz"
        },
        "type-is": {
          "version": "1.3.2",
          "from": "type-is@~1.3.2",
          "resolved": "https://registry.npmjs.org/type-is/-/type-is-1.3.2.tgz",
          "dependencies": {
            "mime-types": {
              "version": "1.0.2",
              "from": "mime-types@~1.0.1",
              "resolved": "https://registry.npmjs.org/mime-types/-/mime-types-1.0.2.tgz"
            }
          }
        }
      }
    },
    "config": {
      "version": "0.4.37",
      "from": "config@^0.4.37",
      "resolved": "https://registry.npmjs.org/config/-/config-0.4.37.tgz"
    },
    "debug": {
      "version": "1.0.4",
      "from": "debug@^1.0.4",
      "resolved": "https://registry.npmjs.org/debug/-/debug-1.0.4.tgz",
      "dependencies": {
        "ms": {
          "version": "0.6.2",
          "from": "ms@0.6.2",
          "resolved": "https://registry.npmjs.org/ms/-/ms-0.6.2.tgz"
        }
      }
    },
    "errto": {
      "version": "0.2.1",
      "from": "errto@^0.2.1",
      "resolved": "https://registry.npmjs.org/errto/-/errto-0.2.1.tgz"
    },
    "express": {
      "version": "4.8.2",
      "from": "express@^4.3.1",
      "resolved": "https://registry.npmjs.org/express/-/express-4.8.2.tgz",
      "dependencies": {
        "accepts": {
          "version": "1.0.7",
          "from": "accepts@~1.0.7",
          "resolved": "https://registry.npmjs.org/accepts/-/accepts-1.0.7.tgz",
          "dependencies": {
            "mime-types": {
              "version": "1.0.2",
              "from": "mime-types@~1.0.1",
              "resolved": "https://registry.npmjs.org/mime-types/-/mime-types-1.0.2.tgz"
            },
            "negotiator": {
              "version": "0.4.7",
              "from": "negotiator@0.4.7",
              "resolved": "https://registry.npmjs.org/negotiator/-/negotiator-0.4.7.tgz"
            }
          }
        },
        "buffer-crc32": {
          "version": "0.2.3",
          "from": "buffer-crc32@0.2.3",
          "resolved": "https://registry.npmjs.org/buffer-crc32/-/buffer-crc32-0.2.3.tgz"
        },
        "depd": {
          "version": "0.4.4",
          "from": "depd@0.4.4",
          "resolved": "https://registry.npmjs.org/depd/-/depd-0.4.4.tgz"
        },
        "escape-html": {
          "version": "1.0.1",
          "from": "escape-html@1.0.1",
          "resolved": "https://registry.npmjs.org/escape-html/-/escape-html-1.0.1.tgz"
        },
        "finalhandler": {
          "version": "0.1.0",
          "from": "finalhandler@0.1.0",
          "resolved": "https://registry.npmjs.org/finalhandler/-/finalhandler-0.1.0.tgz"
        },
        "media-typer": {
          "version": "0.2.0",
          "from": "media-typer@0.2.0",
          "resolved": "https://registry.npmjs.org/media-typer/-/media-typer-0.2.0.tgz"
        },
        "methods": {
          "version": "1.1.0",
          "from": "methods@1.1.0",
          "resolved": "https://registry.npmjs.org/methods/-/methods-1.1.0.tgz"
        },
        "parseurl": {
          "version": "1.2.0",
          "from": "parseurl@~1.2.0",
          "resolved": "https://registry.npmjs.org/parseurl/-/parseurl-1.2.0.tgz"
        },
        "path-to-regexp": {
          "version": "0.1.3",
          "from": "path-to-regexp@0.1.3",
          "resolved": "https://registry.npmjs.org/path-to-regexp/-/path-to-regexp-0.1.3.tgz"
        },
        "proxy-addr": {
          "version": "1.0.1",
          "from": "proxy-addr@1.0.1",
          "resolved": "https://registry.npmjs.org/proxy-addr/-/proxy-addr-1.0.1.tgz",
          "dependencies": {
            "ipaddr.js": {
              "version": "0.1.2",
              "from": "ipaddr.js@0.1.2",
              "resolved": "https://registry.npmjs.org/ipaddr.js/-/ipaddr.js-0.1.2.tgz"
            }
          }
        },
        "qs": {
          "version": "1.2.0",
          "from": "qs@1.2.0",
          "resolved": "https://registry.npmjs.org/qs/-/qs-1.2.0.tgz"
        },
        "range-parser": {
          "version": "1.0.0",
          "from": "range-parser@1.0.0",
          "resolved": "https://registry.npmjs.org/range-parser/-/range-parser-1.0.0.tgz"
        },
        "send": {
          "version": "0.8.1",
          "from": "send@0.8.1",
          "resolved": "https://registry.npmjs.org/send/-/send-0.8.1.tgz",
          "dependencies": {
            "finished": {
              "version": "1.2.2",
              "from": "finished@1.2.2",
              "resolved": "https://registry.npmjs.org/finished/-/finished-1.2.2.tgz",
              "dependencies": {
                "ee-first": {
                  "version": "1.0.3",
                  "from": "ee-first@1.0.3",
                  "resolved": "https://registry.npmjs.org/ee-first/-/ee-first-1.0.3.tgz"
                }
              }
            },
            "mime": {
              "version": "1.2.11",
              "from": "mime@1.2.11",
              "resolved": "https://registry.npmjs.org/mime/-/mime-1.2.11.tgz"
            },
            "ms": {
              "version": "0.6.2",
              "from": "ms@0.6.2",
              "resolved": "https://registry.npmjs.org/ms/-/ms-0.6.2.tgz"
            }
          }
        },
        "serve-static": {
          "version": "1.5.0",
          "from": "serve-static@~1.5.0",
          "resolved": "https://registry.npmjs.org/serve-static/-/serve-static-1.5.0.tgz"
        },
        "type-is": {
          "version": "1.3.2",
          "from": "type-is@~1.3.2",
          "resolved": "https://registry.npmjs.org/type-is/-/type-is-1.3.2.tgz",
          "dependencies": {
            "mime-types": {
              "version": "1.0.2",
              "from": "mime-types@~1.0.1",
              "resolved": "https://registry.npmjs.org/mime-types/-/mime-types-1.0.2.tgz"
            }
          }
        },
        "vary": {
          "version": "0.1.0",
          "from": "vary@0.1.0",
          "resolved": "https://registry.npmjs.org/vary/-/vary-0.1.0.tgz"
        },
        "cookie": {
          "version": "0.1.2",
          "from": "cookie@0.1.2",
          "resolved": "https://registry.npmjs.org/cookie/-/cookie-0.1.2.tgz"
        },
        "fresh": {
          "version": "0.2.2",
          "from": "fresh@0.2.2",
          "resolved": "https://registry.npmjs.org/fresh/-/fresh-0.2.2.tgz"
        },
        "cookie-signature": {
          "version": "1.0.4",
          "from": "cookie-signature@1.0.4",
          "resolved": "https://registry.npmjs.org/cookie-signature/-/cookie-signature-1.0.4.tgz"
        },
        "merge-descriptors": {
          "version": "0.0.2",
          "from": "merge-descriptors@0.0.2",
          "resolved": "https://registry.npmjs.org/merge-descriptors/-/merge-descriptors-0.0.2.tgz"
        },
        "utils-merge": {
          "version": "1.0.0",
          "from": "utils-merge@1.0.0",
          "resolved": "https://registry.npmjs.org/utils-merge/-/utils-merge-1.0.0.tgz"
        }
      }
    },
    "fn-arity": {
      "version": "0.0.1",
      "from": "fn-arity@0.0.1",
      "resolved": "https://registry.npmjs.org/fn-arity/-/fn-arity-0.0.1.tgz"
    },
    "hiredis": {
      "version": "0.1.17",
      "from": "hiredis@^0.1.16",
      "resolved": "https://registry.npmjs.org/hiredis/-/hiredis-0.1.17.tgz",
      "dependencies": {
        "bindings": {
          "version": "1.2.1",
          "from": "bindings@*",
          "resolved": "https://registry.npmjs.org/bindings/-/bindings-1.2.1.tgz"
        },
        "nan": {
          "version": "1.1.2",
          "from": "nan@~1.1.0",
          "resolved": "https://registry.npmjs.org/nan/-/nan-1.1.2.tgz"
        }
      }
    },
    "knex": {
      "version": "0.5.15",
      "from": "knex@^0.5.15",
      "resolved": "https://registry.npmjs.org/knex/-/knex-0.5.15.tgz",
      "dependencies": {
        "generic-pool-redux": {
          "version": "0.1.0",
          "from": "generic-pool-redux@~0.1.0",
          "resolved": "https://registry.npmjs.org/generic-pool-redux/-/generic-pool-redux-0.1.0.tgz"
        },
        "optimist": {
          "version": "0.6.1",
          "from": "optimist@~0.6.0",
          "resolved": "https://registry.npmjs.org/optimist/-/optimist-0.6.1.tgz",
          "dependencies": {
            "wordwrap": {
              "version": "0.0.2",
              "from": "wordwrap@~0.0.2",
              "resolved": "https://registry.npmjs.org/wordwrap/-/wordwrap-0.0.2.tgz"
            },
            "minimist": {
              "version": "0.0.10",
              "from": "minimist@~0.0.1",
              "resolved": "https://registry.npmjs.org/minimist/-/minimist-0.0.10.tgz"
            }
          }
        },
        "mkdirp": {
          "version": "0.3.5",
          "from": "mkdirp@~0.3.5",
          "resolved": "https://registry.npmjs.org/mkdirp/-/mkdirp-0.3.5.tgz"
        },
        "bluebird": {
          "version": "2.2.2",
          "from": "bluebird@>=1.0.0",
          "resolved": "https://registry.npmjs.org/bluebird/-/bluebird-2.2.2.tgz"
        },
        "colors": {
          "version": "0.6.2",
          "from": "colors@~0.6.2",
          "resolved": "https://registry.npmjs.org/colors/-/colors-0.6.2.tgz"
        }
      }
    },
    "lodash": {
      "version": "2.4.1",
      "from": "lodash@^2.4.1",
      "resolved": "https://registry.npmjs.org/lodash/-/lodash-2.4.1.tgz"
    },
    "log4js": {
      "version": "0.6.16",
      "from": "log4js@^0.6.16",
      "resolved": "https://registry.npmjs.org/log4js/-/log4js-0.6.16.tgz",
      "dependencies": {
        "async": {
          "version": "0.1.15",
          "from": "async@0.1.15",
          "resolved": "https://registry.npmjs.org/async/-/async-0.1.15.tgz"
        },
        "semver": {
          "version": "1.1.4",
          "from": "semver@~1.1.4",
          "resolved": "https://registry.npmjs.org/semver/-/semver-1.1.4.tgz"
        },
        "readable-stream": {
          "version": "1.0.27-1",
          "from": "readable-stream@~1.0.2",
          "resolved": "https://registry.npmjs.org/readable-stream/-/readable-stream-1.0.27-1.tgz",
          "dependencies": {
            "core-util-is": {
              "version": "1.0.1",
              "from": "core-util-is@~1.0.0",
              "resolved": "https://registry.npmjs.org/core-util-is/-/core-util-is-1.0.1.tgz"
            },
            "isarray": {
              "version": "0.0.1",
              "from": "isarray@0.0.1",
              "resolved": "https://registry.npmjs.org/isarray/-/isarray-0.0.1.tgz"
            },
            "string_decoder": {
              "version": "0.10.25-1",
              "from": "string_decoder@~0.10.x",
              "resolved": "https://registry.npmjs.org/string_decoder/-/string_decoder-0.10.25-1.tgz"
            },
            "inherits": {
              "version": "2.0.1",
              "from": "inherits@~2.0.1",
              "resolved": "https://registry.npmjs.org/inherits/-/inherits-2.0.1.tgz"
            }
          }
        }
      }
    },
    "log4js-or-debug": {
      "version": "0.1.1",
      "from": "log4js-or-debug@^0.1.1",
      "resolved": "https://registry.npmjs.org/log4js-or-debug/-/log4js-or-debug-0.1.1.tgz"
    },
    "marked": {
      "version": "0.3.2",
      "from": "marked@^0.3.2",
      "resolved": "https://registry.npmjs.org/marked/-/marked-0.3.2.tgz"
    },
    "mkdirp": {
      "version": "0.5.0",
      "from": "mkdirp@^0.5.0",
      "resolved": "https://registry.npmjs.org/mkdirp/-/mkdirp-0.5.0.tgz",
      "dependencies": {
        "minimist": {
          "version": "0.0.8",
          "from": "minimist@0.0.8",
          "resolved": "https://registry.npmjs.org/minimist/-/minimist-0.0.8.tgz"
        }
      }
    },
    "mysql": {
      "version": "2.4.2",
      "from": "mysql@^2.4.0",
      "resolved": "https://registry.npmjs.org/mysql/-/mysql-2.4.2.tgz",
      "dependencies": {
        "bignumber.js": {
          "version": "1.4.0",
          "from": "bignumber.js@1.4.0",
          "resolved": "https://registry.npmjs.org/bignumber.js/-/bignumber.js-1.4.0.tgz"
        },
        "readable-stream": {
          "version": "1.1.13-1",
          "from": "readable-stream@~1.1.13",
          "resolved": "https://registry.npmjs.org/readable-stream/-/readable-stream-1.1.13-1.tgz",
          "dependencies": {
            "core-util-is": {
              "version": "1.0.1",
              "from": "core-util-is@~1.0.0",
              "resolved": "https://registry.npmjs.org/core-util-is/-/core-util-is-1.0.1.tgz"
            },
            "isarray": {
              "version": "0.0.1",
              "from": "isarray@0.0.1",
              "resolved": "https://registry.npmjs.org/isarray/-/isarray-0.0.1.tgz"
            },
            "string_decoder": {
              "version": "0.10.25-1",
              "from": "string_decoder@~0.10.x",
              "resolved": "https://registry.npmjs.org/string_decoder/-/string_decoder-0.10.25-1.tgz"
            },
            "inherits": {
              "version": "2.0.1",
              "from": "inherits@~2.0.1",
              "resolved": "https://registry.npmjs.org/inherits/-/inherits-2.0.1.tgz"
            }
          }
        },
        "require-all": {
          "version": "0.0.8",
          "from": "require-all@0.0.8",
          "resolved": "https://registry.npmjs.org/require-all/-/require-all-0.0.8.tgz"
        }
      }
    },
    "pg": {
      "version": "3.4.0",
      "from": "pg@",
      "resolved": "https://registry.npmjs.org/pg/-/pg-3.4.0.tgz",
      "dependencies": {
        "generic-pool": {
          "version": "2.0.3",
          "from": "generic-pool@2.0.3",
          "resolved": "https://registry.npmjs.org/generic-pool/-/generic-pool-2.0.3.tgz"
        },
        "buffer-writer": {
          "version": "1.0.0",
          "from": "buffer-writer@1.0.0",
          "resolved": "https://registry.npmjs.org/buffer-writer/-/buffer-writer-1.0.0.tgz"
        },
        "pgpass": {
          "version": "0.0.3",
          "from": "pgpass@0.0.3",
          "resolved": "https://registry.npmjs.org/pgpass/-/pgpass-0.0.3.tgz",
          "dependencies": {
            "split": {
              "version": "0.3.0",
              "from": "split@~0.3",
              "resolved": "https://registry.npmjs.org/split/-/split-0.3.0.tgz",
              "dependencies": {
                "through": {
                  "version": "2.3.4",
                  "from": "through@2",
                  "resolved": "https://registry.npmjs.org/through/-/through-2.3.4.tgz"
                }
              }
            }
          }
        },
        "nan": {
          "version": "0.6.0",
          "from": "nan@~0.6.0",
          "resolved": "https://registry.npmjs.org/nan/-/nan-0.6.0.tgz"
        },
        "packet-reader": {
          "version": "0.2.0",
          "from": "packet-reader@0.2.0",
          "resolved": "https://registry.npmjs.org/packet-reader/-/packet-reader-0.2.0.tgz"
        },
        "pg-connection-string": {
          "version": "0.1.1",
          "from": "pg-connection-string@0.1.1",
          "resolved": "https://registry.npmjs.org/pg-connection-string/-/pg-connection-string-0.1.1.tgz"
        },
        "pg-types": {
          "version": "1.4.0",
          "from": "pg-types@1.4.0",
          "resolved": "https://registry.npmjs.org/pg-types/-/pg-types-1.4.0.tgz"
        }
      }
    },
    "q": {
      "version": "1.0.1",
      "from": "q@^1.0.1",
      "resolved": "https://registry.npmjs.org/q/-/q-1.0.1.tgz"
    },
    "q-locals": {
      "version": "0.3.2",
      "from": "q-locals@^0.3.0",
      "resolved": "https://registry.npmjs.org/q-locals/-/q-locals-0.3.2.tgz"
    },
    "redis": {
      "version": "0.10.3",
      "from": "redis@^0.10.3",
      "resolved": "https://registry.npmjs.org/redis/-/redis-0.10.3.tgz"
    },
    "sequelize": {
      "version": "2.0.0-dev12",
      "from": "sequelize@unstable",
      "resolved": "https://github.com/sequelize/sequelize/archive/master.tar.gz",
      "dependencies": {
        "dottie": {
          "version": "0.2.4",
          "from": "dottie@0.2.4",
          "resolved": "https://registry.npmjs.org/dottie/-/dottie-0.2.4.tgz"
        },
        "generic-pool": {
          "version": "2.1.1",
          "from": "generic-pool@2.1.1",
          "resolved": "https://registry.npmjs.org/generic-pool/-/generic-pool-2.1.1.tgz"
        },
        "inflection": {
          "version": "1.3.8",
          "from": "inflection@^1.3.8",
          "resolved": "https://registry.npmjs.org/inflection/-/inflection-1.3.8.tgz"
        },
        "moment": {
          "version": "2.7.0",
          "from": "moment@~2.7.0",
          "resolved": "https://registry.npmjs.org/moment/-/moment-2.7.0.tgz"
        },
        "node-uuid": {
          "version": "1.4.1",
          "from": "node-uuid@~1.4.1",
          "resolved": "https://registry.npmjs.org/node-uuid/-/node-uuid-1.4.1.tgz"
        },
        "sequelize-bluebird": {
          "version": "2.1.0",
          "from": "sequelize-bluebird@git://github.com/sequelize/bluebird.git#9df139af53c5d346ffd38df30fc9dc60c62a9c98",
          "resolved": "git://github.com/sequelize/bluebird.git#9df139af53c5d346ffd38df30fc9dc60c62a9c98"
        },
        "sql": {
          "version": "0.39.0",
          "from": "sql@~0.39.0",
          "resolved": "https://registry.npmjs.org/sql/-/sql-0.39.0.tgz",
          "dependencies": {
            "sliced": {
              "version": "0.0.5",
              "from": "sliced@0.0.x",
              "resolved": "https://registry.npmjs.org/sliced/-/sliced-0.0.5.tgz"
            },
            "lodash": {
              "version": "1.3.1",
              "from": "lodash@1.3.x",
              "resolved": "https://registry.npmjs.org/lodash/-/lodash-1.3.1.tgz"
            }
          }
        },
        "toposort-class": {
          "version": "0.3.1",
          "from": "toposort-class@~0.3.0",
          "resolved": "https://registry.npmjs.org/toposort-class/-/toposort-class-0.3.1.tgz"
        },
        "validator": {
          "version": "3.16.1",
          "from": "validator@~3.16.0",
          "resolved": "https://registry.npmjs.org/validator/-/validator-3.16.1.tgz"
        }
      }
    },
    "simple-migrate": {
      "version": "0.1.3",
      "from": "simple-migrate@^0.1.3",
      "dependencies": {
        "extend": {
          "version": "1.3.0",
          "from": "extend@^1.3.0",
          "resolved": "https://registry.npmjs.org/extend/-/extend-1.3.0.tgz"
        }
      }
    },
    "xunit-file": {
      "version": "0.0.5",
      "from": "xunit-file@",
      "resolved": "https://registry.npmjs.org/xunit-file/-/xunit-file-0.0.5.tgz"
    }
  }
}
